
Microsoft Visual Studio Solution File, Format Version 12.00
# Visual Studio 15
VisualStudioVersion = 15.0.27004.2010
MinimumVisualStudioVersion = 10.0.40219.1
Project("{FAE04EC0-301F-11D3-BF4B-00C04F79EFBC}") = "PlurarsiteDemoCore2", "PlurarsiteDemoCore2\PlurarsiteDemoCore2.csproj", "{8D1E8F12-8CE1-4C86-9C73-A6EAE9B5F84C}"
EndProject
Global
	GlobalSection(SolutionConfigurationPlatforms) = preSolution
		Debug|Any CPU = Debug|Any CPU
		Release|Any CPU = Release|Any CPU
	EndGlobalSection
	GlobalSection(ProjectConfigurationPlatforms) = postSolution
		{8D1E8F12-8CE1-4C86-9C73-A6EAE9B5F84C}.Debug|Any CPU.ActiveCfg = Debug|Any CPU
		{8D1E8F12-8CE1-4C86-9C73-A6EAE9B5F84C}.Debug|Any CPU.Build.0 = Debug|Any CPU
		{8D1E8F12-8CE1-4C86-9C73-A6EAE9B5F84C}.Release|Any CPU.ActiveCfg = Release|Any CPU
		{8D1E8F12-8CE1-4C86-9C73-A6EAE9B5F84C}.Release|Any CPU.Build.0 = Release|Any CPU
	EndGlobalSection
	GlobalSection(SolutionProperties) = preSolution
		HideSolutionNode = FALSE
	EndGlobalSection
	GlobalSection(ExtensibilityGlobals) = postSolution
		SolutionGuid = {D47CE496-FA46-4124-A894-D34F05991513}
	EndGlobalSection
EndGlobal
