
Microsoft Visual Studio Solution File, Format Version 12.00
# Visual Studio 15
VisualStudioVersion = 15.0.27004.2006
MinimumVisualStudioVersion = 10.0.40219.1
Project("{FAE04EC0-301F-11D3-BF4B-00C04F79EFBC}") = "CSSModule", "CSSModule\CSSModule.csproj", "{50CC2F25-EFB8-430A-85C6-B6D8D95E17B8}"
EndProject
Project("{FAE04EC0-301F-11D3-BF4B-00C04F79EFBC}") = "CSSTool", "CSSTool\CSSTool.csproj", "{DE95188B-D00E-4A85-B28B-A43286FF0DA3}"
EndProject
Global
	GlobalSection(SolutionConfigurationPlatforms) = preSolution
		Debug|Any CPU = Debug|Any CPU
		Release|Any CPU = Release|Any CPU
	EndGlobalSection
	GlobalSection(ProjectConfigurationPlatforms) = postSolution
		{50CC2F25-EFB8-430A-85C6-B6D8D95E17B8}.Debug|Any CPU.ActiveCfg = Debug|Any CPU
		{50CC2F25-EFB8-430A-85C6-B6D8D95E17B8}.Debug|Any CPU.Build.0 = Debug|Any CPU
		{50CC2F25-EFB8-430A-85C6-B6D8D95E17B8}.Release|Any CPU.ActiveCfg = Release|Any CPU
		{50CC2F25-EFB8-430A-85C6-B6D8D95E17B8}.Release|Any CPU.Build.0 = Release|Any CPU
		{DE95188B-D00E-4A85-B28B-A43286FF0DA3}.Debug|Any CPU.ActiveCfg = Debug|Any CPU
		{DE95188B-D00E-4A85-B28B-A43286FF0DA3}.Debug|Any CPU.Build.0 = Debug|Any CPU
		{DE95188B-D00E-4A85-B28B-A43286FF0DA3}.Release|Any CPU.ActiveCfg = Release|Any CPU
		{DE95188B-D00E-4A85-B28B-A43286FF0DA3}.Release|Any CPU.Build.0 = Release|Any CPU
	EndGlobalSection
	GlobalSection(SolutionProperties) = preSolution
		HideSolutionNode = FALSE
	EndGlobalSection
	GlobalSection(ExtensibilityGlobals) = postSolution
		SolutionGuid = {45FB0653-6CFE-4790-B7A2-CDEE8DA790B3}
	EndGlobalSection
EndGlobal
